
Microsoft Visual Studio Solution File, Format Version 12.00
# Visual Studio Version 17
VisualStudioVersion = 17.13.35825.156
MinimumVisualStudioVersion = 10.0.40219.1
Project("{FAE04EC0-301F-11D3-BF4B-00C04F79EFBC}") = "RustServerManager", "RustServerManager\RustServerManager.csproj", "{56EE56CF-ECF4-4906-8902-1D69B1946DD1}"
EndProject
Project("{FAE04EC0-301F-11D3-BF4B-00C04F79EFBC}") = "RustUpdate", "RustUpdate\RustUpdate.csproj", "{6D5A5888-EEAF-3606-18FC-9DDBCD591E5F}"
EndProject
Global
	GlobalSection(SolutionConfigurationPlatforms) = preSolution
		Debug|Any CPU = Debug|Any CPU
		Release|Any CPU = Release|Any CPU
	EndGlobalSection
	GlobalSection(ProjectConfigurationPlatforms) = postSolution
		{56EE56CF-ECF4-4906-8902-1D69B1946DD1}.Debug|Any CPU.ActiveCfg = Debug|Any CPU
		{56EE56CF-ECF4-4906-8902-1D69B1946DD1}.Debug|Any CPU.Build.0 = Debug|Any CPU
		{56EE56CF-ECF4-4906-8902-1D69B1946DD1}.Release|Any CPU.ActiveCfg = Release|Any CPU
		{56EE56CF-ECF4-4906-8902-1D69B1946DD1}.Release|Any CPU.Build.0 = Release|Any CPU
		{6D5A5888-EEAF-3606-18FC-9DDBCD591E5F}.Debug|Any CPU.ActiveCfg = Debug|Any CPU
		{6D5A5888-EEAF-3606-18FC-9DDBCD591E5F}.Debug|Any CPU.Build.0 = Debug|Any CPU
		{6D5A5888-EEAF-3606-18FC-9DDBCD591E5F}.Release|Any CPU.ActiveCfg = Release|Any CPU
		{6D5A5888-EEAF-3606-18FC-9DDBCD591E5F}.Release|Any CPU.Build.0 = Release|Any CPU
	EndGlobalSection
	GlobalSection(SolutionProperties) = preSolution
		HideSolutionNode = FALSE
	EndGlobalSection
	GlobalSection(ExtensibilityGlobals) = postSolution
		SolutionGuid = {957B509F-5A1C-4847-B4C0-84AE281A8802}
	EndGlobalSection
EndGlobal
